
Microsoft Visual Studio Solution File, Format Version 12.00
# Visual Studio Version 16
VisualStudioVersion = 16.0.31229.75
MinimumVisualStudioVersion = 10.0.40219.1
Project("{FAE04EC0-301F-11D3-BF4B-00C04F79EFBC}") = "Labsheet_1", "Labsheet_1.csproj", "{DDD74B06-9FAE-485B-A24C-C037A79AB79C}"
EndProject
Global
	GlobalSection(SolutionConfigurationPlatforms) = preSolution
		Debug|Any CPU = Debug|Any CPU
		Release|Any CPU = Release|Any CPU
	EndGlobalSection
	GlobalSection(ProjectConfigurationPlatforms) = postSolution
		{DDD74B06-9FAE-485B-A24C-C037A79AB79C}.Debug|Any CPU.ActiveCfg = Debug|Any CPU
		{DDD74B06-9FAE-485B-A24C-C037A79AB79C}.Debug|Any CPU.Build.0 = Debug|Any CPU
		{DDD74B06-9FAE-485B-A24C-C037A79AB79C}.Release|Any CPU.ActiveCfg = Release|Any CPU
		{DDD74B06-9FAE-485B-A24C-C037A79AB79C}.Release|Any CPU.Build.0 = Release|Any CPU
	EndGlobalSection
	GlobalSection(SolutionProperties) = preSolution
		HideSolutionNode = FALSE
	EndGlobalSection
	GlobalSection(ExtensibilityGlobals) = postSolution
		SolutionGuid = {FE700074-6E9D-4533-87BF-DF068B51673E}
	EndGlobalSection
EndGlobal
